{
  "name": "client",
  "version": "1.0.0",
  "lockfileVersion": 2,
  "requires": true,
  "packages": {
    "": {
      "version": "1.0.0",
      "dependencies": {
        "uikit": "^3.6.18"
      },
      "devDependencies": {
        "@types/uikit": "^3.3.1"
      }
    },
    "node_modules/@types/uikit": {
      "version": "3.3.1",
      "resolved": "https://registry.npmjs.org/@types/uikit/-/uikit-3.3.1.tgz",
      "integrity": "sha512-8+Ejdntc9yMBkSyp1OhQv/eZotscum4EnZ53B07nqZS9H2js2CTwbBSMgjHc/EOJAntF1T4FDLJ4druM/wNhGA==",
      "dev": true
    },
    "node_modules/uikit": {
      "version": "3.6.18",
      "resolved": "https://registry.npmjs.org/uikit/-/uikit-3.6.18.tgz",
      "integrity": "sha512-q5Dlpu1KQ5Jo3cW9TCMypvG0KL6rVLcCat9JPHJ1HBzmSKnMh+oChhWWSq4OEGuopsIftKyiXuhdS8a50uIJbw=="
    }
  },
  "dependencies": {
    "@types/uikit": {
      "version": "3.3.1",
      "resolved": "https://registry.npmjs.org/@types/uikit/-/uikit-3.3.1.tgz",
      "integrity": "sha512-8+Ejdntc9yMBkSyp1OhQv/eZotscum4EnZ53B07nqZS9H2js2CTwbBSMgjHc/EOJAntF1T4FDLJ4druM/wNhGA==",
      "dev": true
    },
    "uikit": {
      "version": "3.6.18",
      "resolved": "https://registry.npmjs.org/uikit/-/uikit-3.6.18.tgz",
      "integrity": "sha512-q5Dlpu1KQ5Jo3cW9TCMypvG0KL6rVLcCat9JPHJ1HBzmSKnMh+oChhWWSq4OEGuopsIftKyiXuhdS8a50uIJbw=="
    }
  }
}
